// !$*UTF8*$!
{
	archiveVersion = 1;
	classes = {
	};
	objectVersion = 56;
	objects = {

/* Begin PBXBuildFile section */
		0BA8158B2C302DD800BA2CE9 /* AppDelegate.swift in Sources */ = {isa = PBXBuildFile; fileRef = 0BA8158A2C302DD800BA2CE9 /* AppDelegate.swift */; };
		0BA8158D2C302DD800BA2CE9 /* SceneDelegate.swift in Sources */ = {isa = PBXBuildFile; fileRef = 0BA8158C2C302DD800BA2CE9 /* SceneDelegate.swift */; };
		0BA815942C302DD900BA2CE9 /* Assets.xcassets in Resources */ = {isa = PBXBuildFile; fileRef = 0BA815932C302DD900BA2CE9 /* Assets.xcassets */; };
		11671AB22C341B6D00FCD29A /* UIColor + ext.swift in Sources */ = {isa = PBXBuildFile; fileRef = 11671AB12C341B6D00FCD29A /* UIColor + ext.swift */; };
		11671AB42C341BCD00FCD29A /* Resources.swift in Sources */ = {isa = PBXBuildFile; fileRef = 11671AB32C341BCD00FCD29A /* Resources.swift */; };
		11671AB72C34263800FCD29A /* Poppins-Bold.ttf in Resources */ = {isa = PBXBuildFile; fileRef = 11671AB62C34263800FCD29A /* Poppins-Bold.ttf */; };
		11671AB92C34266F00FCD29A /* Poppins-Regular.ttf in Resources */ = {isa = PBXBuildFile; fileRef = 11671AB82C34266F00FCD29A /* Poppins-Regular.ttf */; };
		3C1D55292C35A71500AA6C40 /* HTTPClient.swift in Sources */ = {isa = PBXBuildFile; fileRef = 3C1D55282C35A71500AA6C40 /* HTTPClient.swift */; };
		3C35BBBD2C36E4C100033CDD /* RecipeResponseModel.swift in Sources */ = {isa = PBXBuildFile; fileRef = 3C35BBBC2C36E4C100033CDD /* RecipeResponseModel.swift */; };
		3C35BBBF2C36FDD100033CDD /* ApiService.swift in Sources */ = {isa = PBXBuildFile; fileRef = 3C35BBBE2C36FDD100033CDD /* ApiService.swift */; };
		3C35BBC12C371DB500033CDD /* Kingfisher in Frameworks */ = {isa = PBXBuildFile; productRef = 3C35BBC02C371DB500033CDD /* Kingfisher */; };
		3CB7EBB02C332EB200892324 /* RxBlocking in Frameworks */ = {isa = PBXBuildFile; productRef = 3CB7EBAF2C332EB200892324 /* RxBlocking */; };
		3CB7EBB22C332EB200892324 /* RxCocoa in Frameworks */ = {isa = PBXBuildFile; productRef = 3CB7EBB12C332EB200892324 /* RxCocoa */; };
		3CB7EBB42C332EB200892324 /* RxRelay in Frameworks */ = {isa = PBXBuildFile; productRef = 3CB7EBB32C332EB200892324 /* RxRelay */; };
		3CB7EBB62C332EB200892324 /* RxSwift in Frameworks */ = {isa = PBXBuildFile; productRef = 3CB7EBB52C332EB200892324 /* RxSwift */; };
		3CB7EBBA2C332EB200892324 /* SnapKit in Frameworks */ = {isa = PBXBuildFile; productRef = 3CB7EBB92C332EB200892324 /* SnapKit */; };
		3CB7EBBC2C332EB200892324 /* RxGesture in Frameworks */ = {isa = PBXBuildFile; productRef = 3CB7EBBB2C332EB200892324 /* RxGesture */; };
		3CB7EBE72C3352DD00892324 /* UserDefaultsService.swift in Sources */ = {isa = PBXBuildFile; fileRef = 3CB7EBE62C3352DD00892324 /* UserDefaultsService.swift */; };
		3CCB5CBB2C35E8E400F738AE /* ProfileCoordinator.swift in Sources */ = {isa = PBXBuildFile; fileRef = 3CCB5C952C35E8E400F738AE /* ProfileCoordinator.swift */; };
		3CCB5CBC2C35E8E400F738AE /* ProfileViewController.swift in Sources */ = {isa = PBXBuildFile; fileRef = 3CCB5C972C35E8E400F738AE /* ProfileViewController.swift */; };
		3CCB5CBD2C35E8E400F738AE /* AppCoordinator.swift in Sources */ = {isa = PBXBuildFile; fileRef = 3CCB5C992C35E8E400F738AE /* AppCoordinator.swift */; };
		3CCB5CBE2C35E8E400F738AE /* Coordinator.swift in Sources */ = {isa = PBXBuildFile; fileRef = 3CCB5C9A2C35E8E400F738AE /* Coordinator.swift */; };
		3CCB5CBF2C35E8E400F738AE /* OnboardingCoordinator.swift in Sources */ = {isa = PBXBuildFile; fileRef = 3CCB5C9C2C35E8E400F738AE /* OnboardingCoordinator.swift */; };
		3CCB5CC12C35E8E400F738AE /* NotificationViewController.swift in Sources */ = {isa = PBXBuildFile; fileRef = 3CCB5CA12C35E8E400F738AE /* NotificationViewController.swift */; };
		3CCB5CC22C35E8E400F738AE /* NotificationCoordinator.swift in Sources */ = {isa = PBXBuildFile; fileRef = 3CCB5CA22C35E8E400F738AE /* NotificationCoordinator.swift */; };
		3CCB5CC32C35E8E400F738AE /* IngredientModel.swift in Sources */ = {isa = PBXBuildFile; fileRef = 3CCB5CA52C35E8E400F738AE /* IngredientModel.swift */; };
		3CCB5CC42C35E8E400F738AE /* IngredientTableViewCell.swift in Sources */ = {isa = PBXBuildFile; fileRef = 3CCB5CA72C35E8E400F738AE /* IngredientTableViewCell.swift */; };
		3CCB5CC52C35E8E400F738AE /* RatingAndReviewsView.swift in Sources */ = {isa = PBXBuildFile; fileRef = 3CCB5CA92C35E8E400F738AE /* RatingAndReviewsView.swift */; };
		3CCB5CC62C35E8E400F738AE /* InstructionsView.swift in Sources */ = {isa = PBXBuildFile; fileRef = 3CCB5CAA2C35E8E400F738AE /* InstructionsView.swift */; };
		3CCB5CC72C35E8E400F738AE /* RecipeView.swift in Sources */ = {isa = PBXBuildFile; fileRef = 3CCB5CAB2C35E8E400F738AE /* RecipeView.swift */; };
		3CCB5CC82C35E8E400F738AE /* TitleForIngredientsTableView.swift in Sources */ = {isa = PBXBuildFile; fileRef = 3CCB5CAC2C35E8E400F738AE /* TitleForIngredientsTableView.swift */; };
		3CCB5CC92C35E8E400F738AE /* RecipeViewController.swift in Sources */ = {isa = PBXBuildFile; fileRef = 3CCB5CAD2C35E8E400F738AE /* RecipeViewController.swift */; };
		3CCB5CCA2C35E8E400F738AE /* FavoriteViewController.swift in Sources */ = {isa = PBXBuildFile; fileRef = 3CCB5CAF2C35E8E400F738AE /* FavoriteViewController.swift */; };
		3CCB5CCB2C35E8E400F738AE /* FavoriteCoordinator.swift in Sources */ = {isa = PBXBuildFile; fileRef = 3CCB5CB02C35E8E400F738AE /* FavoriteCoordinator.swift */; };
		3CCB5CCC2C35E8E400F738AE /* PlusButton.swift in Sources */ = {isa = PBXBuildFile; fileRef = 3CCB5CB22C35E8E400F738AE /* PlusButton.swift */; };
		3CCB5CCD2C35E8E400F738AE /* CustomTabBar.swift in Sources */ = {isa = PBXBuildFile; fileRef = 3CCB5CB32C35E8E400F738AE /* CustomTabBar.swift */; };
		3CCB5CCE2C35E8E400F738AE /* TabBarController.swift in Sources */ = {isa = PBXBuildFile; fileRef = 3CCB5CB42C35E8E400F738AE /* TabBarController.swift */; };
		3CCB5CCF2C35E8E400F738AE /* ScreenFactory.swift in Sources */ = {isa = PBXBuildFile; fileRef = 3CCB5CB62C35E8E400F738AE /* ScreenFactory.swift */; };
		3CCB5CD02C35E8E400F738AE /* HomeCoordinator.swift in Sources */ = {isa = PBXBuildFile; fileRef = 3CCB5CB82C35E8E400F738AE /* HomeCoordinator.swift */; };
		79ADA46C2C396372004EC09E /* PopularCategoryTitleCollectionViewCell.swift in Sources */ = {isa = PBXBuildFile; fileRef = 79ADA46B2C396372004EC09E /* PopularCategoryTitleCollectionViewCell.swift */; };
		79E5C5E02C36D76500124B88 /* PopularCategoriesRecipesCollectionViewCell.swift in Sources */ = {isa = PBXBuildFile; fileRef = 79E5C5D72C36D76500124B88 /* PopularCategoriesRecipesCollectionViewCell.swift */; };
		79E5C5E12C36D76500124B88 /* PopularCuisinesCollectionViewCell.swift in Sources */ = {isa = PBXBuildFile; fileRef = 79E5C5D82C36D76500124B88 /* PopularCuisinesCollectionViewCell.swift */; };
		79E5C5E22C36D76500124B88 /* RecentRecipeCollectionViewCell.swift in Sources */ = {isa = PBXBuildFile; fileRef = 79E5C5D92C36D76500124B88 /* RecentRecipeCollectionViewCell.swift */; };
		79E5C5E32C36D76500124B88 /* TrendsCollectionViewCell.swift in Sources */ = {isa = PBXBuildFile; fileRef = 79E5C5DA2C36D76500124B88 /* TrendsCollectionViewCell.swift */; };
		79E5C5E42C36D76500124B88 /* ListSection.swift in Sources */ = {isa = PBXBuildFile; fileRef = 79E5C5DC2C36D76500124B88 /* ListSection.swift */; };
		79E5C5E72C36D76500124B88 /* HomeViewController.swift in Sources */ = {isa = PBXBuildFile; fileRef = 79E5C5DF2C36D76500124B88 /* HomeViewController.swift */; };
		79E5C5EB2C36F33300124B88 /* HeaderSupplementaryView.swift in Sources */ = {isa = PBXBuildFile; fileRef = 79E5C5EA2C36F33300124B88 /* HeaderSupplementaryView.swift */; };
		B51172892C374013001A44E5 /* OnboardingPage2ViewController.swift in Sources */ = {isa = PBXBuildFile; fileRef = B51172842C374012001A44E5 /* OnboardingPage2ViewController.swift */; };
		B511728A2C374013001A44E5 /* OnboardingPageViewController.swift in Sources */ = {isa = PBXBuildFile; fileRef = B51172852C374012001A44E5 /* OnboardingPageViewController.swift */; };
		B511728B2C374013001A44E5 /* OnboardingPage1ViewController.swift in Sources */ = {isa = PBXBuildFile; fileRef = B51172862C374013001A44E5 /* OnboardingPage1ViewController.swift */; };
		B511728C2C374013001A44E5 /* OnboardingPage3ViewController.swift in Sources */ = {isa = PBXBuildFile; fileRef = B51172872C374013001A44E5 /* OnboardingPage3ViewController.swift */; };
		B511728D2C374013001A44E5 /* OnboardingMainViewController.swift in Sources */ = {isa = PBXBuildFile; fileRef = B51172882C374013001A44E5 /* OnboardingMainViewController.swift */; };
/* End PBXBuildFile section */

/* Begin PBXFileReference section */
		0BA815872C302DD800BA2CE9 /* Best Recipes.app */ = {isa = PBXFileReference; explicitFileType = wrapper.application; includeInIndex = 0; path = "Best Recipes.app"; sourceTree = BUILT_PRODUCTS_DIR; };
		0BA8158A2C302DD800BA2CE9 /* AppDelegate.swift */ = {isa = PBXFileReference; lastKnownFileType = sourcecode.swift; path = AppDelegate.swift; sourceTree = "<group>"; };
		0BA8158C2C302DD800BA2CE9 /* SceneDelegate.swift */ = {isa = PBXFileReference; lastKnownFileType = sourcecode.swift; path = SceneDelegate.swift; sourceTree = "<group>"; };
		0BA815932C302DD900BA2CE9 /* Assets.xcassets */ = {isa = PBXFileReference; lastKnownFileType = folder.assetcatalog; path = Assets.xcassets; sourceTree = "<group>"; };
		0BA815982C302DD900BA2CE9 /* Info.plist */ = {isa = PBXFileReference; lastKnownFileType = text.plist.xml; path = Info.plist; sourceTree = "<group>"; };
		11671AB12C341B6D00FCD29A /* UIColor + ext.swift */ = {isa = PBXFileReference; lastKnownFileType = sourcecode.swift; path = "UIColor + ext.swift"; sourceTree = "<group>"; };
		11671AB32C341BCD00FCD29A /* Resources.swift */ = {isa = PBXFileReference; lastKnownFileType = sourcecode.swift; path = Resources.swift; sourceTree = "<group>"; };
		11671AB62C34263800FCD29A /* Poppins-Bold.ttf */ = {isa = PBXFileReference; lastKnownFileType = file; path = "Poppins-Bold.ttf"; sourceTree = "<group>"; };
		11671AB82C34266F00FCD29A /* Poppins-Regular.ttf */ = {isa = PBXFileReference; lastKnownFileType = file; path = "Poppins-Regular.ttf"; sourceTree = "<group>"; };
		3C1D55282C35A71500AA6C40 /* HTTPClient.swift */ = {isa = PBXFileReference; lastKnownFileType = sourcecode.swift; path = HTTPClient.swift; sourceTree = "<group>"; };
		3C35BBBC2C36E4C100033CDD /* RecipeResponseModel.swift */ = {isa = PBXFileReference; lastKnownFileType = sourcecode.swift; path = RecipeResponseModel.swift; sourceTree = "<group>"; };
		3C35BBBE2C36FDD100033CDD /* ApiService.swift */ = {isa = PBXFileReference; lastKnownFileType = sourcecode.swift; path = ApiService.swift; sourceTree = "<group>"; };
		3CB7EBE62C3352DD00892324 /* UserDefaultsService.swift */ = {isa = PBXFileReference; lastKnownFileType = sourcecode.swift; path = UserDefaultsService.swift; sourceTree = "<group>"; };
		3CCB5C952C35E8E400F738AE /* ProfileCoordinator.swift */ = {isa = PBXFileReference; fileEncoding = 4; lastKnownFileType = sourcecode.swift; path = ProfileCoordinator.swift; sourceTree = "<group>"; };
		3CCB5C972C35E8E400F738AE /* ProfileViewController.swift */ = {isa = PBXFileReference; fileEncoding = 4; lastKnownFileType = sourcecode.swift; path = ProfileViewController.swift; sourceTree = "<group>"; };
		3CCB5C992C35E8E400F738AE /* AppCoordinator.swift */ = {isa = PBXFileReference; fileEncoding = 4; lastKnownFileType = sourcecode.swift; path = AppCoordinator.swift; sourceTree = "<group>"; };
		3CCB5C9A2C35E8E400F738AE /* Coordinator.swift */ = {isa = PBXFileReference; fileEncoding = 4; lastKnownFileType = sourcecode.swift; path = Coordinator.swift; sourceTree = "<group>"; };
		3CCB5C9C2C35E8E400F738AE /* OnboardingCoordinator.swift */ = {isa = PBXFileReference; fileEncoding = 4; lastKnownFileType = sourcecode.swift; path = OnboardingCoordinator.swift; sourceTree = "<group>"; };
		3CCB5CA12C35E8E400F738AE /* NotificationViewController.swift */ = {isa = PBXFileReference; fileEncoding = 4; lastKnownFileType = sourcecode.swift; path = NotificationViewController.swift; sourceTree = "<group>"; };
		3CCB5CA22C35E8E400F738AE /* NotificationCoordinator.swift */ = {isa = PBXFileReference; fileEncoding = 4; lastKnownFileType = sourcecode.swift; path = NotificationCoordinator.swift; sourceTree = "<group>"; };
		3CCB5CA52C35E8E400F738AE /* IngredientModel.swift */ = {isa = PBXFileReference; fileEncoding = 4; lastKnownFileType = sourcecode.swift; path = IngredientModel.swift; sourceTree = "<group>"; };
		3CCB5CA72C35E8E400F738AE /* IngredientTableViewCell.swift */ = {isa = PBXFileReference; fileEncoding = 4; lastKnownFileType = sourcecode.swift; path = IngredientTableViewCell.swift; sourceTree = "<group>"; };
		3CCB5CA92C35E8E400F738AE /* RatingAndReviewsView.swift */ = {isa = PBXFileReference; fileEncoding = 4; lastKnownFileType = sourcecode.swift; path = RatingAndReviewsView.swift; sourceTree = "<group>"; };
		3CCB5CAA2C35E8E400F738AE /* InstructionsView.swift */ = {isa = PBXFileReference; fileEncoding = 4; lastKnownFileType = sourcecode.swift; path = InstructionsView.swift; sourceTree = "<group>"; };
		3CCB5CAB2C35E8E400F738AE /* RecipeView.swift */ = {isa = PBXFileReference; fileEncoding = 4; lastKnownFileType = sourcecode.swift; path = RecipeView.swift; sourceTree = "<group>"; };
		3CCB5CAC2C35E8E400F738AE /* TitleForIngredientsTableView.swift */ = {isa = PBXFileReference; fileEncoding = 4; lastKnownFileType = sourcecode.swift; path = TitleForIngredientsTableView.swift; sourceTree = "<group>"; };
		3CCB5CAD2C35E8E400F738AE /* RecipeViewController.swift */ = {isa = PBXFileReference; fileEncoding = 4; lastKnownFileType = sourcecode.swift; path = RecipeViewController.swift; sourceTree = "<group>"; };
		3CCB5CAF2C35E8E400F738AE /* FavoriteViewController.swift */ = {isa = PBXFileReference; fileEncoding = 4; lastKnownFileType = sourcecode.swift; path = FavoriteViewController.swift; sourceTree = "<group>"; };
		3CCB5CB02C35E8E400F738AE /* FavoriteCoordinator.swift */ = {isa = PBXFileReference; fileEncoding = 4; lastKnownFileType = sourcecode.swift; path = FavoriteCoordinator.swift; sourceTree = "<group>"; };
		3CCB5CB22C35E8E400F738AE /* PlusButton.swift */ = {isa = PBXFileReference; fileEncoding = 4; lastKnownFileType = sourcecode.swift; path = PlusButton.swift; sourceTree = "<group>"; };
		3CCB5CB32C35E8E400F738AE /* CustomTabBar.swift */ = {isa = PBXFileReference; fileEncoding = 4; lastKnownFileType = sourcecode.swift; path = CustomTabBar.swift; sourceTree = "<group>"; };
		3CCB5CB42C35E8E400F738AE /* TabBarController.swift */ = {isa = PBXFileReference; fileEncoding = 4; lastKnownFileType = sourcecode.swift; path = TabBarController.swift; sourceTree = "<group>"; };
		3CCB5CB62C35E8E400F738AE /* ScreenFactory.swift */ = {isa = PBXFileReference; fileEncoding = 4; lastKnownFileType = sourcecode.swift; path = ScreenFactory.swift; sourceTree = "<group>"; };
		3CCB5CB82C35E8E400F738AE /* HomeCoordinator.swift */ = {isa = PBXFileReference; fileEncoding = 4; lastKnownFileType = sourcecode.swift; path = HomeCoordinator.swift; sourceTree = "<group>"; };
		79ADA46B2C396372004EC09E /* PopularCategoryTitleCollectionViewCell.swift */ = {isa = PBXFileReference; lastKnownFileType = sourcecode.swift; path = PopularCategoryTitleCollectionViewCell.swift; sourceTree = "<group>"; };
		79E5C5D72C36D76500124B88 /* PopularCategoriesRecipesCollectionViewCell.swift */ = {isa = PBXFileReference; fileEncoding = 4; lastKnownFileType = sourcecode.swift; path = PopularCategoriesRecipesCollectionViewCell.swift; sourceTree = "<group>"; };
		79E5C5D82C36D76500124B88 /* PopularCuisinesCollectionViewCell.swift */ = {isa = PBXFileReference; fileEncoding = 4; lastKnownFileType = sourcecode.swift; path = PopularCuisinesCollectionViewCell.swift; sourceTree = "<group>"; };
		79E5C5D92C36D76500124B88 /* RecentRecipeCollectionViewCell.swift */ = {isa = PBXFileReference; fileEncoding = 4; lastKnownFileType = sourcecode.swift; path = RecentRecipeCollectionViewCell.swift; sourceTree = "<group>"; };
		79E5C5DA2C36D76500124B88 /* TrendsCollectionViewCell.swift */ = {isa = PBXFileReference; fileEncoding = 4; lastKnownFileType = sourcecode.swift; path = TrendsCollectionViewCell.swift; sourceTree = "<group>"; };
		79E5C5DC2C36D76500124B88 /* ListSection.swift */ = {isa = PBXFileReference; fileEncoding = 4; lastKnownFileType = sourcecode.swift; path = ListSection.swift; sourceTree = "<group>"; };
		79E5C5DF2C36D76500124B88 /* HomeViewController.swift */ = {isa = PBXFileReference; fileEncoding = 4; lastKnownFileType = sourcecode.swift; path = HomeViewController.swift; sourceTree = "<group>"; };
		79E5C5EA2C36F33300124B88 /* HeaderSupplementaryView.swift */ = {isa = PBXFileReference; lastKnownFileType = sourcecode.swift; path = HeaderSupplementaryView.swift; sourceTree = "<group>"; };
		B51172842C374012001A44E5 /* OnboardingPage2ViewController.swift */ = {isa = PBXFileReference; fileEncoding = 4; lastKnownFileType = sourcecode.swift; path = OnboardingPage2ViewController.swift; sourceTree = "<group>"; };
		B51172852C374012001A44E5 /* OnboardingPageViewController.swift */ = {isa = PBXFileReference; fileEncoding = 4; lastKnownFileType = sourcecode.swift; path = OnboardingPageViewController.swift; sourceTree = "<group>"; };
		B51172862C374013001A44E5 /* OnboardingPage1ViewController.swift */ = {isa = PBXFileReference; fileEncoding = 4; lastKnownFileType = sourcecode.swift; path = OnboardingPage1ViewController.swift; sourceTree = "<group>"; };
		B51172872C374013001A44E5 /* OnboardingPage3ViewController.swift */ = {isa = PBXFileReference; fileEncoding = 4; lastKnownFileType = sourcecode.swift; path = OnboardingPage3ViewController.swift; sourceTree = "<group>"; };
		B51172882C374013001A44E5 /* OnboardingMainViewController.swift */ = {isa = PBXFileReference; fileEncoding = 4; lastKnownFileType = sourcecode.swift; path = OnboardingMainViewController.swift; sourceTree = "<group>"; };
/* End PBXFileReference section */

/* Begin PBXFrameworksBuildPhase section */
		0BA815842C302DD800BA2CE9 /* Frameworks */ = {
			isa = PBXFrameworksBuildPhase;
			buildActionMask = 2147483647;
			files = (
				3CB7EBB42C332EB200892324 /* RxRelay in Frameworks */,
				3CB7EBB22C332EB200892324 /* RxCocoa in Frameworks */,
				3C35BBC12C371DB500033CDD /* Kingfisher in Frameworks */,
				3CB7EBBA2C332EB200892324 /* SnapKit in Frameworks */,
				3CB7EBB62C332EB200892324 /* RxSwift in Frameworks */,
				3CB7EBB02C332EB200892324 /* RxBlocking in Frameworks */,
				3CB7EBBC2C332EB200892324 /* RxGesture in Frameworks */,
			);
			runOnlyForDeploymentPostprocessing = 0;
		};
/* End PBXFrameworksBuildPhase section */

/* Begin PBXGroup section */
		0B2227F92C31CE3E005A2AC9 /* App */ = {
			isa = PBXGroup;
			children = (
				0BA8158A2C302DD800BA2CE9 /* AppDelegate.swift */,
				0BA8158C2C302DD800BA2CE9 /* SceneDelegate.swift */,
				0BA815932C302DD900BA2CE9 /* Assets.xcassets */,
			);
			path = App;
			sourceTree = "<group>";
		};
		0B2228092C31D123005A2AC9 /* Model */ = {
			isa = PBXGroup;
			children = (
				3C35BBBC2C36E4C100033CDD /* RecipeResponseModel.swift */,
			);
			path = Model;
			sourceTree = "<group>";
		};
		0BA8157E2C302DD800BA2CE9 = {
			isa = PBXGroup;
			children = (
				0BA815892C302DD800BA2CE9 /* Best Recipes */,
				11671AB52C34260300FCD29A /* Fonts */,
				11671AAF2C341B2C00FCD29A /* Helpers */,
				0BA815882C302DD800BA2CE9 /* Products */,
				3CB7EBAE2C332EB200892324 /* Frameworks */,
			);
			sourceTree = "<group>";
		};
		0BA815882C302DD800BA2CE9 /* Products */ = {
			isa = PBXGroup;
			children = (
				0BA815872C302DD800BA2CE9 /* Best Recipes.app */,
			);
			name = Products;
			sourceTree = "<group>";
		};
		0BA815892C302DD800BA2CE9 /* Best Recipes */ = {
			isa = PBXGroup;
			children = (
				0B2227F92C31CE3E005A2AC9 /* App */,
				0B2228092C31D123005A2AC9 /* Model */,
				3CCB5C932C35E8E400F738AE /* Flows */,
				3CB7EBE52C3352C900892324 /* Services */,
				0BA815982C302DD900BA2CE9 /* Info.plist */,
			);
			path = "Best Recipes";
			sourceTree = "<group>";
		};
		11671AAF2C341B2C00FCD29A /* Helpers */ = {
			isa = PBXGroup;
			children = (
				11671AB02C341B3C00FCD29A /* Extensions */,
				11671AB32C341BCD00FCD29A /* Resources.swift */,
			);
			path = Helpers;
			sourceTree = "<group>";
		};
		11671AB02C341B3C00FCD29A /* Extensions */ = {
			isa = PBXGroup;
			children = (
				11671AB12C341B6D00FCD29A /* UIColor + ext.swift */,
			);
			path = Extensions;
			sourceTree = "<group>";
		};
		11671AB52C34260300FCD29A /* Fonts */ = {
			isa = PBXGroup;
			children = (
				11671AB82C34266F00FCD29A /* Poppins-Regular.ttf */,
				11671AB62C34263800FCD29A /* Poppins-Bold.ttf */,
			);
			path = Fonts;
			sourceTree = "<group>";
		};
		3CB7EBAE2C332EB200892324 /* Frameworks */ = {
			isa = PBXGroup;
			children = (
			);
			name = Frameworks;
			sourceTree = "<group>";
		};
		3CB7EBE52C3352C900892324 /* Services */ = {
			isa = PBXGroup;
			children = (
				3C1D55282C35A71500AA6C40 /* HTTPClient.swift */,
				3C35BBBE2C36FDD100033CDD /* ApiService.swift */,
				3CB7EBE62C3352DD00892324 /* UserDefaultsService.swift */,
			);
			path = Services;
			sourceTree = "<group>";
		};
		3CCB5C932C35E8E400F738AE /* Flows */ = {
			isa = PBXGroup;
			children = (
				3CCB5C982C35E8E400F738AE /* Coordinator */,
				3CCB5C9B2C35E8E400F738AE /* OnboardingFlow */,
				3CCB5C9F2C35E8E400F738AE /* NotificationFlow */,
				3CCB5CA32C35E8E400F738AE /* FavoriteFlow */,
				3CCB5CB12C35E8E400F738AE /* TabBarFlow */,
				3CCB5CB52C35E8E400F738AE /* AppFactory */,
				3CCB5CB72C35E8E400F738AE /* HomeFlow */,
				3CCB5C942C35E8E400F738AE /* ProfileFlow */,
			);
			path = Flows;
			sourceTree = "<group>";
		};
		3CCB5C942C35E8E400F738AE /* ProfileFlow */ = {
			isa = PBXGroup;
			children = (
				3CCB5C952C35E8E400F738AE /* ProfileCoordinator.swift */,
				3CCB5C962C35E8E400F738AE /* ProfileScreen */,
			);
			path = ProfileFlow;
			sourceTree = "<group>";
		};
		3CCB5C962C35E8E400F738AE /* ProfileScreen */ = {
			isa = PBXGroup;
			children = (
				3CCB5C972C35E8E400F738AE /* ProfileViewController.swift */,
			);
			path = ProfileScreen;
			sourceTree = "<group>";
		};
		3CCB5C982C35E8E400F738AE /* Coordinator */ = {
			isa = PBXGroup;
			children = (
				3CCB5C992C35E8E400F738AE /* AppCoordinator.swift */,
				3CCB5C9A2C35E8E400F738AE /* Coordinator.swift */,
			);
			path = Coordinator;
			sourceTree = "<group>";
		};
		3CCB5C9B2C35E8E400F738AE /* OnboardingFlow */ = {
			isa = PBXGroup;
			children = (
				3CCB5C9C2C35E8E400F738AE /* OnboardingCoordinator.swift */,
				3CCB5C9D2C35E8E400F738AE /* Onboarding Screen */,
			);
			path = OnboardingFlow;
			sourceTree = "<group>";
		};
		3CCB5C9D2C35E8E400F738AE /* Onboarding Screen */ = {
			isa = PBXGroup;
			children = (
				B51172852C374012001A44E5 /* OnboardingPageViewController.swift */,
				B51172882C374013001A44E5 /* OnboardingMainViewController.swift */,
				B51172862C374013001A44E5 /* OnboardingPage1ViewController.swift */,
				B51172842C374012001A44E5 /* OnboardingPage2ViewController.swift */,
				B51172872C374013001A44E5 /* OnboardingPage3ViewController.swift */,
			);
			path = "Onboarding Screen";
			sourceTree = "<group>";
		};
		3CCB5C9F2C35E8E400F738AE /* NotificationFlow */ = {
			isa = PBXGroup;
			children = (
				3CCB5CA02C35E8E400F738AE /* NotificationScreen */,
				3CCB5CA22C35E8E400F738AE /* NotificationCoordinator.swift */,
			);
			path = NotificationFlow;
			sourceTree = "<group>";
		};
		3CCB5CA02C35E8E400F738AE /* NotificationScreen */ = {
			isa = PBXGroup;
			children = (
				3CCB5CA12C35E8E400F738AE /* NotificationViewController.swift */,
			);
			path = NotificationScreen;
			sourceTree = "<group>";
		};
		3CCB5CA32C35E8E400F738AE /* FavoriteFlow */ = {
			isa = PBXGroup;
			children = (
				3CCB5CA42C35E8E400F738AE /* Recipe Screen */,
				3CCB5CAE2C35E8E400F738AE /* Favorites Screen */,
				3CCB5CB02C35E8E400F738AE /* FavoriteCoordinator.swift */,
			);
			path = FavoriteFlow;
			sourceTree = "<group>";
		};
		3CCB5CA42C35E8E400F738AE /* Recipe Screen */ = {
			isa = PBXGroup;
			children = (
				3CCB5CA52C35E8E400F738AE /* IngredientModel.swift */,
				3CCB5CA62C35E8E400F738AE /* Cell */,
				3CCB5CA82C35E8E400F738AE /* Views */,
				3CCB5CAD2C35E8E400F738AE /* RecipeViewController.swift */,
			);
			path = "Recipe Screen";
			sourceTree = "<group>";
		};
		3CCB5CA62C35E8E400F738AE /* Cell */ = {
			isa = PBXGroup;
			children = (
				3CCB5CA72C35E8E400F738AE /* IngredientTableViewCell.swift */,
			);
			path = Cell;
			sourceTree = "<group>";
		};
		3CCB5CA82C35E8E400F738AE /* Views */ = {
			isa = PBXGroup;
			children = (
				3CCB5CA92C35E8E400F738AE /* RatingAndReviewsView.swift */,
				3CCB5CAA2C35E8E400F738AE /* InstructionsView.swift */,
				3CCB5CAB2C35E8E400F738AE /* RecipeView.swift */,
				3CCB5CAC2C35E8E400F738AE /* TitleForIngredientsTableView.swift */,
			);
			path = Views;
			sourceTree = "<group>";
		};
		3CCB5CAE2C35E8E400F738AE /* Favorites Screen */ = {
			isa = PBXGroup;
			children = (
				3CCB5CAF2C35E8E400F738AE /* FavoriteViewController.swift */,
			);
			path = "Favorites Screen";
			sourceTree = "<group>";
		};
		3CCB5CB12C35E8E400F738AE /* TabBarFlow */ = {
			isa = PBXGroup;
			children = (
				3CCB5CB22C35E8E400F738AE /* PlusButton.swift */,
				3CCB5CB32C35E8E400F738AE /* CustomTabBar.swift */,
				3CCB5CB42C35E8E400F738AE /* TabBarController.swift */,
			);
			path = TabBarFlow;
			sourceTree = "<group>";
		};
		3CCB5CB52C35E8E400F738AE /* AppFactory */ = {
			isa = PBXGroup;
			children = (
				3CCB5CB62C35E8E400F738AE /* ScreenFactory.swift */,
			);
			path = AppFactory;
			sourceTree = "<group>";
		};
		3CCB5CB72C35E8E400F738AE /* HomeFlow */ = {
			isa = PBXGroup;
			children = (
				3CCB5CB82C35E8E400F738AE /* HomeCoordinator.swift */,
				3CCB5CB92C35E8E400F738AE /* Home Screen */,
			);
			path = HomeFlow;
			sourceTree = "<group>";
		};
		3CCB5CB92C35E8E400F738AE /* Home Screen */ = {
			isa = PBXGroup;
			children = (
				79E5C5DB2C36D76500124B88 /* Cells */,
				79E5C5DF2C36D76500124B88 /* HomeViewController.swift */,
				79E5C5DC2C36D76500124B88 /* ListSection.swift */,
			);
			path = "Home Screen";
			sourceTree = "<group>";
		};
		79E5C5DB2C36D76500124B88 /* Cells */ = {
			isa = PBXGroup;
			children = (
				79E5C5DA2C36D76500124B88 /* TrendsCollectionViewCell.swift */,
				79ADA46B2C396372004EC09E /* PopularCategoryTitleCollectionViewCell.swift */,
				79E5C5D72C36D76500124B88 /* PopularCategoriesRecipesCollectionViewCell.swift */,
				79E5C5D92C36D76500124B88 /* RecentRecipeCollectionViewCell.swift */,
				79E5C5D82C36D76500124B88 /* PopularCuisinesCollectionViewCell.swift */,
				79E5C5EA2C36F33300124B88 /* HeaderSupplementaryView.swift */,
			);
			path = Cells;
			sourceTree = "<group>";
		};
/* End PBXGroup section */

/* Begin PBXNativeTarget section */
		0BA815862C302DD800BA2CE9 /* Best Recipes */ = {
			isa = PBXNativeTarget;
			buildConfigurationList = 0BA815B12C302DDA00BA2CE9 /* Build configuration list for PBXNativeTarget "Best Recipes" */;
			buildPhases = (
				0BA815832C302DD800BA2CE9 /* Sources */,
				0BA815842C302DD800BA2CE9 /* Frameworks */,
				0BA815852C302DD800BA2CE9 /* Resources */,
			);
			buildRules = (
			);
			dependencies = (
			);
			name = "Best Recipes";
			packageProductDependencies = (
				3CB7EBAF2C332EB200892324 /* RxBlocking */,
				3CB7EBB12C332EB200892324 /* RxCocoa */,
				3CB7EBB32C332EB200892324 /* RxRelay */,
				3CB7EBB52C332EB200892324 /* RxSwift */,
				3CB7EBB92C332EB200892324 /* SnapKit */,
				3CB7EBBB2C332EB200892324 /* RxGesture */,
				3C35BBC02C371DB500033CDD /* Kingfisher */,
			);
			productName = "Best Recipes";
			productReference = 0BA815872C302DD800BA2CE9 /* Best Recipes.app */;
			productType = "com.apple.product-type.application";
		};
/* End PBXNativeTarget section */

/* Begin PBXProject section */
		0BA8157F2C302DD800BA2CE9 /* Project object */ = {
			isa = PBXProject;
			attributes = {
				BuildIndependentTargetsInParallel = 1;
				LastSwiftUpdateCheck = 1540;
				LastUpgradeCheck = 1540;
				TargetAttributes = {
					0BA815862C302DD800BA2CE9 = {
						CreatedOnToolsVersion = 15.4;
					};
				};
			};
			buildConfigurationList = 0BA815822C302DD800BA2CE9 /* Build configuration list for PBXProject "Best Recipes" */;
			compatibilityVersion = "Xcode 14.0";
			developmentRegion = en;
			hasScannedForEncodings = 0;
			knownRegions = (
				en,
				Base,
			);
			mainGroup = 0BA8157E2C302DD800BA2CE9;
			packageReferences = (
				3CB7EBAB2C332E7800892324 /* XCRemoteSwiftPackageReference "RxSwift" */,
				3CB7EBAC2C332E8000892324 /* XCRemoteSwiftPackageReference "SnapKit" */,
				3CB7EBAD2C332E9100892324 /* XCRemoteSwiftPackageReference "RxGesture" */,
				79E5C5EC2C3718E300124B88 /* XCRemoteSwiftPackageReference "Kingfisher" */,
			);
			productRefGroup = 0BA815882C302DD800BA2CE9 /* Products */;
			projectDirPath = "";
			projectRoot = "";
			targets = (
				0BA815862C302DD800BA2CE9 /* Best Recipes */,
			);
		};
/* End PBXProject section */

/* Begin PBXResourcesBuildPhase section */
		0BA815852C302DD800BA2CE9 /* Resources */ = {
			isa = PBXResourcesBuildPhase;
			buildActionMask = 2147483647;
			files = (
				11671AB92C34266F00FCD29A /* Poppins-Regular.ttf in Resources */,
				0BA815942C302DD900BA2CE9 /* Assets.xcassets in Resources */,
				11671AB72C34263800FCD29A /* Poppins-Bold.ttf in Resources */,
			);
			runOnlyForDeploymentPostprocessing = 0;
		};
/* End PBXResourcesBuildPhase section */

/* Begin PBXSourcesBuildPhase section */
		0BA815832C302DD800BA2CE9 /* Sources */ = {
			isa = PBXSourcesBuildPhase;
			buildActionMask = 2147483647;
			files = (
				3CCB5CCA2C35E8E400F738AE /* FavoriteViewController.swift in Sources */,
				3CCB5CC62C35E8E400F738AE /* InstructionsView.swift in Sources */,
				3CCB5CCF2C35E8E400F738AE /* ScreenFactory.swift in Sources */,
				79ADA46C2C396372004EC09E /* PopularCategoryTitleCollectionViewCell.swift in Sources */,
				79E5C5E72C36D76500124B88 /* HomeViewController.swift in Sources */,
				3CCB5CD02C35E8E400F738AE /* HomeCoordinator.swift in Sources */,
				79E5C5E42C36D76500124B88 /* ListSection.swift in Sources */,
				3CCB5CCE2C35E8E400F738AE /* TabBarController.swift in Sources */,
				B511728C2C374013001A44E5 /* OnboardingPage3ViewController.swift in Sources */,
				3CCB5CBB2C35E8E400F738AE /* ProfileCoordinator.swift in Sources */,
				3C35BBBD2C36E4C100033CDD /* RecipeResponseModel.swift in Sources */,
				3CCB5CBF2C35E8E400F738AE /* OnboardingCoordinator.swift in Sources */,
				3C1D55292C35A71500AA6C40 /* HTTPClient.swift in Sources */,
				3CCB5CBD2C35E8E400F738AE /* AppCoordinator.swift in Sources */,
				3C35BBBF2C36FDD100033CDD /* ApiService.swift in Sources */,
				B511728A2C374013001A44E5 /* OnboardingPageViewController.swift in Sources */,
				3CCB5CC52C35E8E400F738AE /* RatingAndReviewsView.swift in Sources */,
				3CCB5CCB2C35E8E400F738AE /* FavoriteCoordinator.swift in Sources */,
				11671AB22C341B6D00FCD29A /* UIColor + ext.swift in Sources */,
				B511728D2C374013001A44E5 /* OnboardingMainViewController.swift in Sources */,
				3CCB5CC22C35E8E400F738AE /* NotificationCoordinator.swift in Sources */,
				79E5C5E22C36D76500124B88 /* RecentRecipeCollectionViewCell.swift in Sources */,
				0BA8158B2C302DD800BA2CE9 /* AppDelegate.swift in Sources */,
				79E5C5EB2C36F33300124B88 /* HeaderSupplementaryView.swift in Sources */,
				3CCB5CCC2C35E8E400F738AE /* PlusButton.swift in Sources */,
				3CCB5CBE2C35E8E400F738AE /* Coordinator.swift in Sources */,
				3CCB5CC32C35E8E400F738AE /* IngredientModel.swift in Sources */,
				3CCB5CCD2C35E8E400F738AE /* CustomTabBar.swift in Sources */,
				79E5C5E02C36D76500124B88 /* PopularCategoriesRecipesCollectionViewCell.swift in Sources */,
				3CB7EBE72C3352DD00892324 /* UserDefaultsService.swift in Sources */,
				79E5C5E32C36D76500124B88 /* TrendsCollectionViewCell.swift in Sources */,
				3CCB5CC72C35E8E400F738AE /* RecipeView.swift in Sources */,
				3CCB5CC12C35E8E400F738AE /* NotificationViewController.swift in Sources */,
				B511728B2C374013001A44E5 /* OnboardingPage1ViewController.swift in Sources */,
				3CCB5CC92C35E8E400F738AE /* RecipeViewController.swift in Sources */,
				3CCB5CC42C35E8E400F738AE /* IngredientTableViewCell.swift in Sources */,
				3CCB5CBC2C35E8E400F738AE /* ProfileViewController.swift in Sources */,
				B51172892C374013001A44E5 /* OnboardingPage2ViewController.swift in Sources */,
				0BA8158D2C302DD800BA2CE9 /* SceneDelegate.swift in Sources */,
				79E5C5E12C36D76500124B88 /* PopularCuisinesCollectionViewCell.swift in Sources */,
				3CCB5CC82C35E8E400F738AE /* TitleForIngredientsTableView.swift in Sources */,
				11671AB42C341BCD00FCD29A /* Resources.swift in Sources */,
			);
			runOnlyForDeploymentPostprocessing = 0;
		};
/* End PBXSourcesBuildPhase section */

/* Begin XCBuildConfiguration section */
		0BA815AF2C302DDA00BA2CE9 /* Debug */ = {
			isa = XCBuildConfiguration;
			buildSettings = {
				ALWAYS_SEARCH_USER_PATHS = NO;
				ASSETCATALOG_COMPILER_GENERATE_SWIFT_ASSET_SYMBOL_EXTENSIONS = YES;
				CLANG_ANALYZER_NONNULL = YES;
				CLANG_ANALYZER_NUMBER_OBJECT_CONVERSION = YES_AGGRESSIVE;
				CLANG_CXX_LANGUAGE_STANDARD = "gnu++20";
				CLANG_ENABLE_MODULES = YES;
				CLANG_ENABLE_OBJC_ARC = YES;
				CLANG_ENABLE_OBJC_WEAK = YES;
				CLANG_WARN_BLOCK_CAPTURE_AUTORELEASING = YES;
				CLANG_WARN_BOOL_CONVERSION = YES;
				CLANG_WARN_COMMA = YES;
				CLANG_WARN_CONSTANT_CONVERSION = YES;
				CLANG_WARN_DEPRECATED_OBJC_IMPLEMENTATIONS = YES;
				CLANG_WARN_DIRECT_OBJC_ISA_USAGE = YES_ERROR;
				CLANG_WARN_DOCUMENTATION_COMMENTS = YES;
				CLANG_WARN_EMPTY_BODY = YES;
				CLANG_WARN_ENUM_CONVERSION = YES;
				CLANG_WARN_INFINITE_RECURSION = YES;
				CLANG_WARN_INT_CONVERSION = YES;
				CLANG_WARN_NON_LITERAL_NULL_CONVERSION = YES;
				CLANG_WARN_OBJC_IMPLICIT_RETAIN_SELF = YES;
				CLANG_WARN_OBJC_LITERAL_CONVERSION = YES;
				CLANG_WARN_OBJC_ROOT_CLASS = YES_ERROR;
				CLANG_WARN_QUOTED_INCLUDE_IN_FRAMEWORK_HEADER = YES;
				CLANG_WARN_RANGE_LOOP_ANALYSIS = YES;
				CLANG_WARN_STRICT_PROTOTYPES = YES;
				CLANG_WARN_SUSPICIOUS_MOVE = YES;
				CLANG_WARN_UNGUARDED_AVAILABILITY = YES_AGGRESSIVE;
				CLANG_WARN_UNREACHABLE_CODE = YES;
				CLANG_WARN__DUPLICATE_METHOD_MATCH = YES;
				COPY_PHASE_STRIP = NO;
				DEBUG_INFORMATION_FORMAT = dwarf;
				ENABLE_STRICT_OBJC_MSGSEND = YES;
				ENABLE_TESTABILITY = YES;
				ENABLE_USER_SCRIPT_SANDBOXING = YES;
				GCC_C_LANGUAGE_STANDARD = gnu17;
				GCC_DYNAMIC_NO_PIC = NO;
				GCC_NO_COMMON_BLOCKS = YES;
				GCC_OPTIMIZATION_LEVEL = 0;
				GCC_PREPROCESSOR_DEFINITIONS = (
					"DEBUG=1",
					"$(inherited)",
				);
				GCC_WARN_64_TO_32_BIT_CONVERSION = YES;
				GCC_WARN_ABOUT_RETURN_TYPE = YES_ERROR;
				GCC_WARN_UNDECLARED_SELECTOR = YES;
				GCC_WARN_UNINITIALIZED_AUTOS = YES_AGGRESSIVE;
				GCC_WARN_UNUSED_FUNCTION = YES;
				GCC_WARN_UNUSED_VARIABLE = YES;
				IPHONEOS_DEPLOYMENT_TARGET = 15.0;
				LOCALIZATION_PREFERS_STRING_CATALOGS = YES;
				MTL_ENABLE_DEBUG_INFO = INCLUDE_SOURCE;
				MTL_FAST_MATH = YES;
				ONLY_ACTIVE_ARCH = YES;
				SDKROOT = iphoneos;
				SWIFT_ACTIVE_COMPILATION_CONDITIONS = "DEBUG $(inherited)";
				SWIFT_OPTIMIZATION_LEVEL = "-Onone";
			};
			name = Debug;
		};
		0BA815B02C302DDA00BA2CE9 /* Release */ = {
			isa = XCBuildConfiguration;
			buildSettings = {
				ALWAYS_SEARCH_USER_PATHS = NO;
				ASSETCATALOG_COMPILER_GENERATE_SWIFT_ASSET_SYMBOL_EXTENSIONS = YES;
				CLANG_ANALYZER_NONNULL = YES;
				CLANG_ANALYZER_NUMBER_OBJECT_CONVERSION = YES_AGGRESSIVE;
				CLANG_CXX_LANGUAGE_STANDARD = "gnu++20";
				CLANG_ENABLE_MODULES = YES;
				CLANG_ENABLE_OBJC_ARC = YES;
				CLANG_ENABLE_OBJC_WEAK = YES;
				CLANG_WARN_BLOCK_CAPTURE_AUTORELEASING = YES;
				CLANG_WARN_BOOL_CONVERSION = YES;
				CLANG_WARN_COMMA = YES;
				CLANG_WARN_CONSTANT_CONVERSION = YES;
				CLANG_WARN_DEPRECATED_OBJC_IMPLEMENTATIONS = YES;
				CLANG_WARN_DIRECT_OBJC_ISA_USAGE = YES_ERROR;
				CLANG_WARN_DOCUMENTATION_COMMENTS = YES;
				CLANG_WARN_EMPTY_BODY = YES;
				CLANG_WARN_ENUM_CONVERSION = YES;
				CLANG_WARN_INFINITE_RECURSION = YES;
				CLANG_WARN_INT_CONVERSION = YES;
				CLANG_WARN_NON_LITERAL_NULL_CONVERSION = YES;
				CLANG_WARN_OBJC_IMPLICIT_RETAIN_SELF = YES;
				CLANG_WARN_OBJC_LITERAL_CONVERSION = YES;
				CLANG_WARN_OBJC_ROOT_CLASS = YES_ERROR;
				CLANG_WARN_QUOTED_INCLUDE_IN_FRAMEWORK_HEADER = YES;
				CLANG_WARN_RANGE_LOOP_ANALYSIS = YES;
				CLANG_WARN_STRICT_PROTOTYPES = YES;
				CLANG_WARN_SUSPICIOUS_MOVE = YES;
				CLANG_WARN_UNGUARDED_AVAILABILITY = YES_AGGRESSIVE;
				CLANG_WARN_UNREACHABLE_CODE = YES;
				CLANG_WARN__DUPLICATE_METHOD_MATCH = YES;
				COPY_PHASE_STRIP = NO;
				DEBUG_INFORMATION_FORMAT = "dwarf-with-dsym";
				ENABLE_NS_ASSERTIONS = NO;
				ENABLE_STRICT_OBJC_MSGSEND = YES;
				ENABLE_USER_SCRIPT_SANDBOXING = YES;
				GCC_C_LANGUAGE_STANDARD = gnu17;
				GCC_NO_COMMON_BLOCKS = YES;
				GCC_WARN_64_TO_32_BIT_CONVERSION = YES;
				GCC_WARN_ABOUT_RETURN_TYPE = YES_ERROR;
				GCC_WARN_UNDECLARED_SELECTOR = YES;
				GCC_WARN_UNINITIALIZED_AUTOS = YES_AGGRESSIVE;
				GCC_WARN_UNUSED_FUNCTION = YES;
				GCC_WARN_UNUSED_VARIABLE = YES;
				IPHONEOS_DEPLOYMENT_TARGET = 15.0;
				LOCALIZATION_PREFERS_STRING_CATALOGS = YES;
				MTL_ENABLE_DEBUG_INFO = NO;
				MTL_FAST_MATH = YES;
				SDKROOT = iphoneos;
				SWIFT_COMPILATION_MODE = wholemodule;
				VALIDATE_PRODUCT = YES;
			};
			name = Release;
		};
		0BA815B22C302DDA00BA2CE9 /* Debug */ = {
			isa = XCBuildConfiguration;
			buildSettings = {
				ASSETCATALOG_COMPILER_APPICON_NAME = AppIcon;
				ASSETCATALOG_COMPILER_GLOBAL_ACCENT_COLOR_NAME = AccentColor;
				CODE_SIGN_STYLE = Automatic;
				CURRENT_PROJECT_VERSION = 1;
				DEVELOPMENT_TEAM = H955NK8X7Y;
				ENABLE_TESTABILITY = YES;
				GENERATE_INFOPLIST_FILE = YES;
				INFOPLIST_FILE = "Best Recipes/Info.plist";
				INFOPLIST_KEY_UIApplicationSupportsIndirectInputEvents = YES;
				INFOPLIST_KEY_UILaunchStoryboardName = LaunchScreen;
				INFOPLIST_KEY_UISupportedInterfaceOrientations_iPad = "UIInterfaceOrientationPortrait UIInterfaceOrientationPortraitUpsideDown UIInterfaceOrientationLandscapeLeft UIInterfaceOrientationLandscapeRight";
				INFOPLIST_KEY_UISupportedInterfaceOrientations_iPhone = "UIInterfaceOrientationPortrait UIInterfaceOrientationLandscapeLeft UIInterfaceOrientationLandscapeRight";
				IPHONEOS_DEPLOYMENT_TARGET = 15.0;
				LD_RUNPATH_SEARCH_PATHS = (
					"$(inherited)",
					"@executable_path/Frameworks",
				);
				MARKETING_VERSION = 1.0;
				PRODUCT_BUNDLE_IDENTIFIER = "com.andrewlink.Best-Recipes";
				PRODUCT_NAME = "$(TARGET_NAME)";
				SUPPORTED_PLATFORMS = "iphoneos iphonesimulator";
				SUPPORTS_MACCATALYST = NO;
				SUPPORTS_MAC_DESIGNED_FOR_IPHONE_IPAD = NO;
				SUPPORTS_XR_DESIGNED_FOR_IPHONE_IPAD = NO;
				SWIFT_EMIT_LOC_STRINGS = YES;
				SWIFT_VERSION = 5.0;
				TARGETED_DEVICE_FAMILY = 1;
			};
			name = Debug;
		};
		0BA815B32C302DDA00BA2CE9 /* Release */ = {
			isa = XCBuildConfiguration;
			buildSettings = {
				ASSETCATALOG_COMPILER_APPICON_NAME = AppIcon;
				ASSETCATALOG_COMPILER_GLOBAL_ACCENT_COLOR_NAME = AccentColor;
				CODE_SIGN_STYLE = Automatic;
				CURRENT_PROJECT_VERSION = 1;
				DEVELOPMENT_TEAM = H955NK8X7Y;
				GENERATE_INFOPLIST_FILE = YES;
				INFOPLIST_FILE = "Best Recipes/Info.plist";
				INFOPLIST_KEY_UIApplicationSupportsIndirectInputEvents = YES;
				INFOPLIST_KEY_UILaunchStoryboardName = LaunchScreen;
				INFOPLIST_KEY_UISupportedInterfaceOrientations_iPad = "UIInterfaceOrientationPortrait UIInterfaceOrientationPortraitUpsideDown UIInterfaceOrientationLandscapeLeft UIInterfaceOrientationLandscapeRight";
				INFOPLIST_KEY_UISupportedInterfaceOrientations_iPhone = "UIInterfaceOrientationPortrait UIInterfaceOrientationLandscapeLeft UIInterfaceOrientationLandscapeRight";
				IPHONEOS_DEPLOYMENT_TARGET = 15.0;
				LD_RUNPATH_SEARCH_PATHS = (
					"$(inherited)",
					"@executable_path/Frameworks",
				);
				MARKETING_VERSION = 1.0;
				PRODUCT_BUNDLE_IDENTIFIER = "com.andrewlink.Best-Recipes";
				PRODUCT_NAME = "$(TARGET_NAME)";
				SUPPORTED_PLATFORMS = "iphoneos iphonesimulator";
				SUPPORTS_MACCATALYST = NO;
				SUPPORTS_MAC_DESIGNED_FOR_IPHONE_IPAD = NO;
				SUPPORTS_XR_DESIGNED_FOR_IPHONE_IPAD = NO;
				SWIFT_EMIT_LOC_STRINGS = YES;
				SWIFT_VERSION = 5.0;
				TARGETED_DEVICE_FAMILY = 1;
			};
			name = Release;
		};
/* End XCBuildConfiguration section */

/* Begin XCConfigurationList section */
		0BA815822C302DD800BA2CE9 /* Build configuration list for PBXProject "Best Recipes" */ = {
			isa = XCConfigurationList;
			buildConfigurations = (
				0BA815AF2C302DDA00BA2CE9 /* Debug */,
				0BA815B02C302DDA00BA2CE9 /* Release */,
			);
			defaultConfigurationIsVisible = 0;
			defaultConfigurationName = Release;
		};
		0BA815B12C302DDA00BA2CE9 /* Build configuration list for PBXNativeTarget "Best Recipes" */ = {
			isa = XCConfigurationList;
			buildConfigurations = (
				0BA815B22C302DDA00BA2CE9 /* Debug */,
				0BA815B32C302DDA00BA2CE9 /* Release */,
			);
			defaultConfigurationIsVisible = 0;
			defaultConfigurationName = Release;
		};
/* End XCConfigurationList section */

/* Begin XCRemoteSwiftPackageReference section */
		3CB7EBAB2C332E7800892324 /* XCRemoteSwiftPackageReference "RxSwift" */ = {
			isa = XCRemoteSwiftPackageReference;
			repositoryURL = "https://github.com/ReactiveX/RxSwift.git";
			requirement = {
				kind = upToNextMajorVersion;
				minimumVersion = 6.7.1;
			};
		};
		3CB7EBAC2C332E8000892324 /* XCRemoteSwiftPackageReference "SnapKit" */ = {
			isa = XCRemoteSwiftPackageReference;
			repositoryURL = "https://github.com/SnapKit/SnapKit.git";
			requirement = {
				kind = upToNextMajorVersion;
				minimumVersion = 5.7.1;
			};
		};
		3CB7EBAD2C332E9100892324 /* XCRemoteSwiftPackageReference "RxGesture" */ = {
			isa = XCRemoteSwiftPackageReference;
			repositoryURL = "https://github.com/RxSwiftCommunity/RxGesture.git";
			requirement = {
				kind = upToNextMajorVersion;
				minimumVersion = 4.0.4;
			};
		};
		79E5C5EC2C3718E300124B88 /* XCRemoteSwiftPackageReference "Kingfisher" */ = {
			isa = XCRemoteSwiftPackageReference;
			repositoryURL = "https://github.com/onevcat/Kingfisher.git";
			requirement = {
				kind = upToNextMajorVersion;
				minimumVersion = 7.12.0;
			};
		};
/* End XCRemoteSwiftPackageReference section */

/* Begin XCSwiftPackageProductDependency section */
		3C35BBC02C371DB500033CDD /* Kingfisher */ = {
			isa = XCSwiftPackageProductDependency;
			package = 79E5C5EC2C3718E300124B88 /* XCRemoteSwiftPackageReference "Kingfisher" */;
			productName = Kingfisher;
		};
		3CB7EBAF2C332EB200892324 /* RxBlocking */ = {
			isa = XCSwiftPackageProductDependency;
			package = 3CB7EBAB2C332E7800892324 /* XCRemoteSwiftPackageReference "RxSwift" */;
			productName = RxBlocking;
		};
		3CB7EBB12C332EB200892324 /* RxCocoa */ = {
			isa = XCSwiftPackageProductDependency;
			package = 3CB7EBAB2C332E7800892324 /* XCRemoteSwiftPackageReference "RxSwift" */;
			productName = RxCocoa;
		};
		3CB7EBB32C332EB200892324 /* RxRelay */ = {
			isa = XCSwiftPackageProductDependency;
			package = 3CB7EBAB2C332E7800892324 /* XCRemoteSwiftPackageReference "RxSwift" */;
			productName = RxRelay;
		};
		3CB7EBB52C332EB200892324 /* RxSwift */ = {
			isa = XCSwiftPackageProductDependency;
			package = 3CB7EBAB2C332E7800892324 /* XCRemoteSwiftPackageReference "RxSwift" */;
			productName = RxSwift;
		};
		3CB7EBB92C332EB200892324 /* SnapKit */ = {
			isa = XCSwiftPackageProductDependency;
			package = 3CB7EBAC2C332E8000892324 /* XCRemoteSwiftPackageReference "SnapKit" */;
			productName = SnapKit;
		};
		3CB7EBBB2C332EB200892324 /* RxGesture */ = {
			isa = XCSwiftPackageProductDependency;
			package = 3CB7EBAD2C332E9100892324 /* XCRemoteSwiftPackageReference "RxGesture" */;
			productName = RxGesture;
		};
/* End XCSwiftPackageProductDependency section */
	};
	rootObject = 0BA8157F2C302DD800BA2CE9 /* Project object */;
}
